
Microsoft Visual Studio Solution File, Format Version 12.00
# Visual Studio 15
Project("{FAE04EC0-301F-11D3-BF4B-00C04F79EFBC}") = "Assembly-CSharp", "Assembly-CSharp.csproj", "{F10FB80D-EE5E-28AD-33F1-9A82E508DE39}"
EndProject
Project("{FAE04EC0-301F-11D3-BF4B-00C04F79EFBC}") = "Assembly-CSharp-Editor", "Assembly-CSharp-Editor.csproj", "{E9C89F04-92BC-0ED2-7D4B-A57789526DFE}"
EndProject
Project("{FAE04EC0-301F-11D3-BF4B-00C04F79EFBC}") = "SimpleFileBrowser.Runtime", "SimpleFileBrowser.Runtime.csproj", "{B215C9C0-13B0-88E2-8AB3-37DA1AA2661F}"
EndProject
Project("{FAE04EC0-301F-11D3-BF4B-00C04F79EFBC}") = "Coffee.UIParticle", "Coffee.UIParticle.csproj", "{D94B0280-CC03-A744-E446-3E7837FE866F}"
EndProject
Project("{FAE04EC0-301F-11D3-BF4B-00C04F79EFBC}") = "Assembly-CSharp-Editor-firstpass", "Assembly-CSharp-Editor-firstpass.csproj", "{2ADE36EE-0A4C-F5F2-0D04-95F6D5F14493}"
EndProject
Project("{FAE04EC0-301F-11D3-BF4B-00C04F79EFBC}") = "Assembly-CSharp-firstpass", "Assembly-CSharp-firstpass.csproj", "{370AA17F-DAE0-8F96-D576-368838A28CC7}"
EndProject
Project("{FAE04EC0-301F-11D3-BF4B-00C04F79EFBC}") = "Coffee.UIParticle.Editor", "Coffee.UIParticle.Editor.csproj", "{30A3716C-AE6C-B8B0-8385-CA54C946ED78}"
EndProject
Global
	GlobalSection(SolutionConfigurationPlatforms) = preSolution
		Debug|Any CPU = Debug|Any CPU
		Release|Any CPU = Release|Any CPU
	EndGlobalSection
	GlobalSection(ProjectConfigurationPlatforms) = postSolution
		{F10FB80D-EE5E-28AD-33F1-9A82E508DE39}.Debug|Any CPU.ActiveCfg = Debug|Any CPU
		{F10FB80D-EE5E-28AD-33F1-9A82E508DE39}.Debug|Any CPU.Build.0 = Debug|Any CPU
		{F10FB80D-EE5E-28AD-33F1-9A82E508DE39}.Release|Any CPU.ActiveCfg = Release|Any CPU
		{F10FB80D-EE5E-28AD-33F1-9A82E508DE39}.Release|Any CPU.Build.0 = Release|Any CPU
		{E9C89F04-92BC-0ED2-7D4B-A57789526DFE}.Debug|Any CPU.ActiveCfg = Debug|Any CPU
		{E9C89F04-92BC-0ED2-7D4B-A57789526DFE}.Debug|Any CPU.Build.0 = Debug|Any CPU
		{E9C89F04-92BC-0ED2-7D4B-A57789526DFE}.Release|Any CPU.ActiveCfg = Release|Any CPU
		{E9C89F04-92BC-0ED2-7D4B-A57789526DFE}.Release|Any CPU.Build.0 = Release|Any CPU
		{B215C9C0-13B0-88E2-8AB3-37DA1AA2661F}.Debug|Any CPU.ActiveCfg = Debug|Any CPU
		{B215C9C0-13B0-88E2-8AB3-37DA1AA2661F}.Debug|Any CPU.Build.0 = Debug|Any CPU
		{B215C9C0-13B0-88E2-8AB3-37DA1AA2661F}.Release|Any CPU.ActiveCfg = Release|Any CPU
		{B215C9C0-13B0-88E2-8AB3-37DA1AA2661F}.Release|Any CPU.Build.0 = Release|Any CPU
		{D94B0280-CC03-A744-E446-3E7837FE866F}.Debug|Any CPU.ActiveCfg = Debug|Any CPU
		{D94B0280-CC03-A744-E446-3E7837FE866F}.Debug|Any CPU.Build.0 = Debug|Any CPU
		{D94B0280-CC03-A744-E446-3E7837FE866F}.Release|Any CPU.ActiveCfg = Release|Any CPU
		{D94B0280-CC03-A744-E446-3E7837FE866F}.Release|Any CPU.Build.0 = Release|Any CPU
		{2ADE36EE-0A4C-F5F2-0D04-95F6D5F14493}.Debug|Any CPU.ActiveCfg = Debug|Any CPU
		{2ADE36EE-0A4C-F5F2-0D04-95F6D5F14493}.Debug|Any CPU.Build.0 = Debug|Any CPU
		{2ADE36EE-0A4C-F5F2-0D04-95F6D5F14493}.Release|Any CPU.ActiveCfg = Release|Any CPU
		{2ADE36EE-0A4C-F5F2-0D04-95F6D5F14493}.Release|Any CPU.Build.0 = Release|Any CPU
		{370AA17F-DAE0-8F96-D576-368838A28CC7}.Debug|Any CPU.ActiveCfg = Debug|Any CPU
		{370AA17F-DAE0-8F96-D576-368838A28CC7}.Debug|Any CPU.Build.0 = Debug|Any CPU
		{370AA17F-DAE0-8F96-D576-368838A28CC7}.Release|Any CPU.ActiveCfg = Release|Any CPU
		{370AA17F-DAE0-8F96-D576-368838A28CC7}.Release|Any CPU.Build.0 = Release|Any CPU
		{30A3716C-AE6C-B8B0-8385-CA54C946ED78}.Debug|Any CPU.ActiveCfg = Debug|Any CPU
		{30A3716C-AE6C-B8B0-8385-CA54C946ED78}.Debug|Any CPU.Build.0 = Debug|Any CPU
		{30A3716C-AE6C-B8B0-8385-CA54C946ED78}.Release|Any CPU.ActiveCfg = Release|Any CPU
		{30A3716C-AE6C-B8B0-8385-CA54C946ED78}.Release|Any CPU.Build.0 = Release|Any CPU
	EndGlobalSection
	GlobalSection(SolutionProperties) = preSolution
		HideSolutionNode = FALSE
	EndGlobalSection
EndGlobal
